// !$*UTF8*$!
{
	archiveVersion = 1;
	classes = {
	};
	objectVersion = 77;
	objects = {

/* Begin PBXBuildFile section */
		71256CF42DA229FD00D4D5EF /* AppDelegate.swift in Sources */ = {isa = PBXBuildFile; fileRef = 71256CEA2DA229FD00D4D5EF /* AppDelegate.swift */; };
		71256CF52DA229FD00D4D5EF /* SceneDelegate.swift in Sources */ = {isa = PBXBuildFile; fileRef = 71256CF12DA229FD00D4D5EF /* SceneDelegate.swift */; };
		71256CF72DA229FD00D4D5EF /* Assets.xcassets in Resources */ = {isa = PBXBuildFile; fileRef = 71256CEB2DA229FD00D4D5EF /* Assets.xcassets */; };
		71256CF92DA229FD00D4D5EF /* LaunchScreen.storyboard in Resources */ = {isa = PBXBuildFile; fileRef = 71256CEE2DA229FD00D4D5EF /* LaunchScreen.storyboard */; };
		71256D002DA22B3600D4D5EF /* MoviesViewController.swift in Sources */ = {isa = PBXBuildFile; fileRef = 71256CFF2DA22B3600D4D5EF /* MoviesViewController.swift */; };
		71256D032DA22B9700D4D5EF /* Ext+String.swift in Sources */ = {isa = PBXBuildFile; fileRef = 71256D022DA22B9700D4D5EF /* Ext+String.swift */; };
		71256D052DA61BEC00D4D5EF /* HTTPClient.swift in Sources */ = {isa = PBXBuildFile; fileRef = 71256D042DA61BEC00D4D5EF /* HTTPClient.swift */; };
		71256D072DA61D2400D4D5EF /* MoviesModel.swift in Sources */ = {isa = PBXBuildFile; fileRef = 71256D062DA61D2400D4D5EF /* MoviesModel.swift */; };
		71256D092DA6241100D4D5EF /* MoviesViewModel.swift in Sources */ = {isa = PBXBuildFile; fileRef = 71256D082DA6241100D4D5EF /* MoviesViewModel.swift */; };
/* End PBXBuildFile section */

/* Begin PBXFileReference section */
		71256CD22DA229F200D4D5EF /* MoviesApp-UIKit.app */ = {isa = PBXFileReference; explicitFileType = wrapper.application; includeInIndex = 0; path = "MoviesApp-UIKit.app"; sourceTree = BUILT_PRODUCTS_DIR; };
		71256CEA2DA229FD00D4D5EF /* AppDelegate.swift */ = {isa = PBXFileReference; lastKnownFileType = sourcecode.swift; path = AppDelegate.swift; sourceTree = "<group>"; };
		71256CEB2DA229FD00D4D5EF /* Assets.xcassets */ = {isa = PBXFileReference; lastKnownFileType = folder.assetcatalog; path = Assets.xcassets; sourceTree = "<group>"; };
		71256CEC2DA229FD00D4D5EF /* Info.plist */ = {isa = PBXFileReference; lastKnownFileType = text.plist.xml; path = Info.plist; sourceTree = "<group>"; };
		71256CED2DA229FD00D4D5EF /* Base */ = {isa = PBXFileReference; lastKnownFileType = file.storyboard; name = Base; path = Base.lproj/LaunchScreen.storyboard; sourceTree = "<group>"; };
		71256CF12DA229FD00D4D5EF /* SceneDelegate.swift */ = {isa = PBXFileReference; lastKnownFileType = sourcecode.swift; path = SceneDelegate.swift; sourceTree = "<group>"; };
		71256CFF2DA22B3600D4D5EF /* MoviesViewController.swift */ = {isa = PBXFileReference; lastKnownFileType = sourcecode.swift; path = MoviesViewController.swift; sourceTree = "<group>"; };
		71256D022DA22B9700D4D5EF /* Ext+String.swift */ = {isa = PBXFileReference; lastKnownFileType = sourcecode.swift; path = "Ext+String.swift"; sourceTree = "<group>"; };
		71256D042DA61BEC00D4D5EF /* HTTPClient.swift */ = {isa = PBXFileReference; lastKnownFileType = sourcecode.swift; path = HTTPClient.swift; sourceTree = "<group>"; };
		71256D062DA61D2400D4D5EF /* MoviesModel.swift */ = {isa = PBXFileReference; lastKnownFileType = sourcecode.swift; path = MoviesModel.swift; sourceTree = "<group>"; };
		71256D082DA6241100D4D5EF /* MoviesViewModel.swift */ = {isa = PBXFileReference; lastKnownFileType = sourcecode.swift; path = MoviesViewModel.swift; sourceTree = "<group>"; };
/* End PBXFileReference section */

/* Begin PBXFrameworksBuildPhase section */
		71256CCF2DA229F200D4D5EF /* Frameworks */ = {
			isa = PBXFrameworksBuildPhase;
			buildActionMask = 2147483647;
			files = (
			);
			runOnlyForDeploymentPostprocessing = 0;
		};
/* End PBXFrameworksBuildPhase section */

/* Begin PBXGroup section */
		71256CC92DA229F200D4D5EF = {
			isa = PBXGroup;
			children = (
				71256CF32DA229FD00D4D5EF /* MoviesApp-UIKit */,
				71256CD32DA229F200D4D5EF /* Products */,
			);
			sourceTree = "<group>";
		};
		71256CD32DA229F200D4D5EF /* Products */ = {
			isa = PBXGroup;
			children = (
				71256CD22DA229F200D4D5EF /* MoviesApp-UIKit.app */,
			);
			name = Products;
			sourceTree = "<group>";
		};
		71256CF32DA229FD00D4D5EF /* MoviesApp-UIKit */ = {
			isa = PBXGroup;
			children = (
				71256D012DA22B8400D4D5EF /* Extensions */,
				71256CFB2DA22AB700D4D5EF /* View Models */,
				71256CFD2DA22AC900D4D5EF /* Clients */,
				71256CFC2DA22AC100D4D5EF /* Models */,
				71256CFE2DA22ADD00D4D5EF /* View Controllers */,
				71256CEA2DA229FD00D4D5EF /* AppDelegate.swift */,
				71256CF12DA229FD00D4D5EF /* SceneDelegate.swift */,
				71256CEE2DA229FD00D4D5EF /* LaunchScreen.storyboard */,
				71256CEB2DA229FD00D4D5EF /* Assets.xcassets */,
				71256CEC2DA229FD00D4D5EF /* Info.plist */,
			);
			path = "MoviesApp-UIKit";
			sourceTree = "<group>";
		};
		71256CFB2DA22AB700D4D5EF /* View Models */ = {
			isa = PBXGroup;
			children = (
				71256D082DA6241100D4D5EF /* MoviesViewModel.swift */,
			);
			path = "View Models";
			sourceTree = "<group>";
		};
		71256CFC2DA22AC100D4D5EF /* Models */ = {
			isa = PBXGroup;
			children = (
				71256D062DA61D2400D4D5EF /* MoviesModel.swift */,
			);
			path = Models;
			sourceTree = "<group>";
		};
		71256CFD2DA22AC900D4D5EF /* Clients */ = {
			isa = PBXGroup;
			children = (
				71256D042DA61BEC00D4D5EF /* HTTPClient.swift */,
			);
			path = Clients;
			sourceTree = "<group>";
		};
		71256CFE2DA22ADD00D4D5EF /* View Controllers */ = {
			isa = PBXGroup;
			children = (
				71256CFF2DA22B3600D4D5EF /* MoviesViewController.swift */,
			);
			path = "View Controllers";
			sourceTree = "<group>";
		};
		71256D012DA22B8400D4D5EF /* Extensions */ = {
			isa = PBXGroup;
			children = (
				71256D022DA22B9700D4D5EF /* Ext+String.swift */,
			);
			path = Extensions;
			sourceTree = "<group>";
		};
/* End PBXGroup section */

/* Begin PBXNativeTarget section */
		71256CD12DA229F200D4D5EF /* MoviesApp-UIKit */ = {
			isa = PBXNativeTarget;
			buildConfigurationList = 71256CE52DA229F300D4D5EF /* Build configuration list for PBXNativeTarget "MoviesApp-UIKit" */;
			buildPhases = (
				71256CCE2DA229F200D4D5EF /* Sources */,
				71256CCF2DA229F200D4D5EF /* Frameworks */,
				71256CD02DA229F200D4D5EF /* Resources */,
			);
			buildRules = (
			);
			dependencies = (
			);
			name = "MoviesApp-UIKit";
			packageProductDependencies = (
			);
			productName = "MoviesApp-UIKit";
			productReference = 71256CD22DA229F200D4D5EF /* MoviesApp-UIKit.app */;
			productType = "com.apple.product-type.application";
		};
/* End PBXNativeTarget section */

/* Begin PBXProject section */
		71256CCA2DA229F200D4D5EF /* Project object */ = {
			isa = PBXProject;
			attributes = {
				BuildIndependentTargetsInParallel = 1;
				LastSwiftUpdateCheck = 1610;
				LastUpgradeCheck = 1610;
				TargetAttributes = {
					71256CD12DA229F200D4D5EF = {
						CreatedOnToolsVersion = 16.1;
					};
				};
			};
			buildConfigurationList = 71256CCD2DA229F200D4D5EF /* Build configuration list for PBXProject "MoviesApp-UIKit" */;
			developmentRegion = en;
			hasScannedForEncodings = 0;
			knownRegions = (
				en,
				Base,
			);
			mainGroup = 71256CC92DA229F200D4D5EF;
			minimizedProjectReferenceProxies = 1;
			preferredProjectObjectVersion = 77;
			productRefGroup = 71256CD32DA229F200D4D5EF /* Products */;
			projectDirPath = "";
			projectRoot = "";
			targets = (
				71256CD12DA229F200D4D5EF /* MoviesApp-UIKit */,
			);
		};
/* End PBXProject section */

/* Begin PBXResourcesBuildPhase section */
		71256CD02DA229F200D4D5EF /* Resources */ = {
			isa = PBXResourcesBuildPhase;
			buildActionMask = 2147483647;
			files = (
				71256CF72DA229FD00D4D5EF /* Assets.xcassets in Resources */,
				71256CF92DA229FD00D4D5EF /* LaunchScreen.storyboard in Resources */,
			);
			runOnlyForDeploymentPostprocessing = 0;
		};
/* End PBXResourcesBuildPhase section */

/* Begin PBXSourcesBuildPhase section */
		71256CCE2DA229F200D4D5EF /* Sources */ = {
			isa = PBXSourcesBuildPhase;
			buildActionMask = 2147483647;
			files = (
				71256CF42DA229FD00D4D5EF /* AppDelegate.swift in Sources */,
				71256D052DA61BEC00D4D5EF /* HTTPClient.swift in Sources */,
				71256D072DA61D2400D4D5EF /* MoviesModel.swift in Sources */,
				71256CF52DA229FD00D4D5EF /* SceneDelegate.swift in Sources */,
				71256D092DA6241100D4D5EF /* MoviesViewModel.swift in Sources */,
				71256D032DA22B9700D4D5EF /* Ext+String.swift in Sources */,
				71256D002DA22B3600D4D5EF /* MoviesViewController.swift in Sources */,
			);
			runOnlyForDeploymentPostprocessing = 0;
		};
/* End PBXSourcesBuildPhase section */

/* Begin PBXVariantGroup section */
		71256CEE2DA229FD00D4D5EF /* LaunchScreen.storyboard */ = {
			isa = PBXVariantGroup;
			children = (
				71256CED2DA229FD00D4D5EF /* Base */,
			);
			name = LaunchScreen.storyboard;
			sourceTree = "<group>";
		};
/* End PBXVariantGroup section */

/* Begin XCBuildConfiguration section */
		71256CE62DA229F300D4D5EF /* Debug */ = {
			isa = XCBuildConfiguration;
			buildSettings = {
				ASSETCATALOG_COMPILER_APPICON_NAME = AppIcon;
				ASSETCATALOG_COMPILER_GLOBAL_ACCENT_COLOR_NAME = AccentColor;
				CODE_SIGN_STYLE = Automatic;
				CURRENT_PROJECT_VERSION = 1;
				DEVELOPMENT_TEAM = WXHAH5T735;
				GENERATE_INFOPLIST_FILE = YES;
				INFOPLIST_FILE = "MoviesApp-UIKit/Info.plist";
				INFOPLIST_KEY_UIApplicationSupportsIndirectInputEvents = YES;
				INFOPLIST_KEY_UILaunchStoryboardName = LaunchScreen;
				INFOPLIST_KEY_UISupportedInterfaceOrientations_iPad = "UIInterfaceOrientationPortrait UIInterfaceOrientationPortraitUpsideDown UIInterfaceOrientationLandscapeLeft UIInterfaceOrientationLandscapeRight";
				INFOPLIST_KEY_UISupportedInterfaceOrientations_iPhone = "UIInterfaceOrientationPortrait UIInterfaceOrientationLandscapeLeft UIInterfaceOrientationLandscapeRight";
				IPHONEOS_DEPLOYMENT_TARGET = 15;
				LD_RUNPATH_SEARCH_PATHS = (
					"$(inherited)",
					"@executable_path/Frameworks",
				);
				MARKETING_VERSION = 1.0;
				PRODUCT_BUNDLE_IDENTIFIER = "com.faysal.MoviesApp-UIKit";
				PRODUCT_NAME = "$(TARGET_NAME)";
				SWIFT_EMIT_LOC_STRINGS = YES;
				SWIFT_VERSION = 5.0;
				TARGETED_DEVICE_FAMILY = "1,2";
			};
			name = Debug;
		};
		71256CE72DA229F300D4D5EF /* Release */ = {
			isa = XCBuildConfiguration;
			buildSettings = {
				ASSETCATALOG_COMPILER_APPICON_NAME = AppIcon;
				ASSETCATALOG_COMPILER_GLOBAL_ACCENT_COLOR_NAME = AccentColor;
				CODE_SIGN_STYLE = Automatic;
				CURRENT_PROJECT_VERSION = 1;
				DEVELOPMENT_TEAM = WXHAH5T735;
				GENERATE_INFOPLIST_FILE = YES;
				INFOPLIST_FILE = "MoviesApp-UIKit/Info.plist";
				INFOPLIST_KEY_UIApplicationSupportsIndirectInputEvents = YES;
				INFOPLIST_KEY_UILaunchStoryboardName = LaunchScreen;
				INFOPLIST_KEY_UISupportedInterfaceOrientations_iPad = "UIInterfaceOrientationPortrait UIInterfaceOrientationPortraitUpsideDown UIInterfaceOrientationLandscapeLeft UIInterfaceOrientationLandscapeRight";
				INFOPLIST_KEY_UISupportedInterfaceOrientations_iPhone = "UIInterfaceOrientationPortrait UIInterfaceOrientationLandscapeLeft UIInterfaceOrientationLandscapeRight";
				IPHONEOS_DEPLOYMENT_TARGET = 15;
				LD_RUNPATH_SEARCH_PATHS = (
					"$(inherited)",
					"@executable_path/Frameworks",
				);
				MARKETING_VERSION = 1.0;
				PRODUCT_BUNDLE_IDENTIFIER = "com.faysal.MoviesApp-UIKit";
				PRODUCT_NAME = "$(TARGET_NAME)";
				SWIFT_EMIT_LOC_STRINGS = YES;
				SWIFT_VERSION = 5.0;
				TARGETED_DEVICE_FAMILY = "1,2";
			};
			name = Release;
		};
		71256CE82DA229F300D4D5EF /* Debug */ = {
			isa = XCBuildConfiguration;
			buildSettings = {
				ALWAYS_SEARCH_USER_PATHS = NO;
				ASSETCATALOG_COMPILER_GENERATE_SWIFT_ASSET_SYMBOL_EXTENSIONS = YES;
				CLANG_ANALYZER_NONNULL = YES;
				CLANG_ANALYZER_NUMBER_OBJECT_CONVERSION = YES_AGGRESSIVE;
				CLANG_CXX_LANGUAGE_STANDARD = "gnu++20";
				CLANG_ENABLE_MODULES = YES;
				CLANG_ENABLE_OBJC_ARC = YES;
				CLANG_ENABLE_OBJC_WEAK = YES;
				CLANG_WARN_BLOCK_CAPTURE_AUTORELEASING = YES;
				CLANG_WARN_BOOL_CONVERSION = YES;
				CLANG_WARN_COMMA = YES;
				CLANG_WARN_CONSTANT_CONVERSION = YES;
				CLANG_WARN_DEPRECATED_OBJC_IMPLEMENTATIONS = YES;
				CLANG_WARN_DIRECT_OBJC_ISA_USAGE = YES_ERROR;
				CLANG_WARN_DOCUMENTATION_COMMENTS = YES;
				CLANG_WARN_EMPTY_BODY = YES;
				CLANG_WARN_ENUM_CONVERSION = YES;
				CLANG_WARN_INFINITE_RECURSION = YES;
				CLANG_WARN_INT_CONVERSION = YES;
				CLANG_WARN_NON_LITERAL_NULL_CONVERSION = YES;
				CLANG_WARN_OBJC_IMPLICIT_RETAIN_SELF = YES;
				CLANG_WARN_OBJC_LITERAL_CONVERSION = YES;
				CLANG_WARN_OBJC_ROOT_CLASS = YES_ERROR;
				CLANG_WARN_QUOTED_INCLUDE_IN_FRAMEWORK_HEADER = YES;
				CLANG_WARN_RANGE_LOOP_ANALYSIS = YES;
				CLANG_WARN_STRICT_PROTOTYPES = YES;
				CLANG_WARN_SUSPICIOUS_MOVE = YES;
				CLANG_WARN_UNGUARDED_AVAILABILITY = YES_AGGRESSIVE;
				CLANG_WARN_UNREACHABLE_CODE = YES;
				CLANG_WARN__DUPLICATE_METHOD_MATCH = YES;
				COPY_PHASE_STRIP = NO;
				DEBUG_INFORMATION_FORMAT = dwarf;
				ENABLE_STRICT_OBJC_MSGSEND = YES;
				ENABLE_TESTABILITY = YES;
				ENABLE_USER_SCRIPT_SANDBOXING = YES;
				GCC_C_LANGUAGE_STANDARD = gnu17;
				GCC_DYNAMIC_NO_PIC = NO;
				GCC_NO_COMMON_BLOCKS = YES;
				GCC_OPTIMIZATION_LEVEL = 0;
				GCC_PREPROCESSOR_DEFINITIONS = (
					"DEBUG=1",
					"$(inherited)",
				);
				GCC_WARN_64_TO_32_BIT_CONVERSION = YES;
				GCC_WARN_ABOUT_RETURN_TYPE = YES_ERROR;
				GCC_WARN_UNDECLARED_SELECTOR = YES;
				GCC_WARN_UNINITIALIZED_AUTOS = YES_AGGRESSIVE;
				GCC_WARN_UNUSED_FUNCTION = YES;
				GCC_WARN_UNUSED_VARIABLE = YES;
				IPHONEOS_DEPLOYMENT_TARGET = 18.1;
				LOCALIZATION_PREFERS_STRING_CATALOGS = YES;
				MTL_ENABLE_DEBUG_INFO = INCLUDE_SOURCE;
				MTL_FAST_MATH = YES;
				ONLY_ACTIVE_ARCH = YES;
				SDKROOT = iphoneos;
				SWIFT_ACTIVE_COMPILATION_CONDITIONS = "DEBUG $(inherited)";
				SWIFT_OPTIMIZATION_LEVEL = "-Onone";
			};
			name = Debug;
		};
		71256CE92DA229F300D4D5EF /* Release */ = {
			isa = XCBuildConfiguration;
			buildSettings = {
				ALWAYS_SEARCH_USER_PATHS = NO;
				ASSETCATALOG_COMPILER_GENERATE_SWIFT_ASSET_SYMBOL_EXTENSIONS = YES;
				CLANG_ANALYZER_NONNULL = YES;
				CLANG_ANALYZER_NUMBER_OBJECT_CONVERSION = YES_AGGRESSIVE;
				CLANG_CXX_LANGUAGE_STANDARD = "gnu++20";
				CLANG_ENABLE_MODULES = YES;
				CLANG_ENABLE_OBJC_ARC = YES;
				CLANG_ENABLE_OBJC_WEAK = YES;
				CLANG_WARN_BLOCK_CAPTURE_AUTORELEASING = YES;
				CLANG_WARN_BOOL_CONVERSION = YES;
				CLANG_WARN_COMMA = YES;
				CLANG_WARN_CONSTANT_CONVERSION = YES;
				CLANG_WARN_DEPRECATED_OBJC_IMPLEMENTATIONS = YES;
				CLANG_WARN_DIRECT_OBJC_ISA_USAGE = YES_ERROR;
				CLANG_WARN_DOCUMENTATION_COMMENTS = YES;
				CLANG_WARN_EMPTY_BODY = YES;
				CLANG_WARN_ENUM_CONVERSION = YES;
				CLANG_WARN_INFINITE_RECURSION = YES;
				CLANG_WARN_INT_CONVERSION = YES;
				CLANG_WARN_NON_LITERAL_NULL_CONVERSION = YES;
				CLANG_WARN_OBJC_IMPLICIT_RETAIN_SELF = YES;
				CLANG_WARN_OBJC_LITERAL_CONVERSION = YES;
				CLANG_WARN_OBJC_ROOT_CLASS = YES_ERROR;
				CLANG_WARN_QUOTED_INCLUDE_IN_FRAMEWORK_HEADER = YES;
				CLANG_WARN_RANGE_LOOP_ANALYSIS = YES;
				CLANG_WARN_STRICT_PROTOTYPES = YES;
				CLANG_WARN_SUSPICIOUS_MOVE = YES;
				CLANG_WARN_UNGUARDED_AVAILABILITY = YES_AGGRESSIVE;
				CLANG_WARN_UNREACHABLE_CODE = YES;
				CLANG_WARN__DUPLICATE_METHOD_MATCH = YES;
				COPY_PHASE_STRIP = NO;
				DEBUG_INFORMATION_FORMAT = "dwarf-with-dsym";
				ENABLE_NS_ASSERTIONS = NO;
				ENABLE_STRICT_OBJC_MSGSEND = YES;
				ENABLE_USER_SCRIPT_SANDBOXING = YES;
				GCC_C_LANGUAGE_STANDARD = gnu17;
				GCC_NO_COMMON_BLOCKS = YES;
				GCC_WARN_64_TO_32_BIT_CONVERSION = YES;
				GCC_WARN_ABOUT_RETURN_TYPE = YES_ERROR;
				GCC_WARN_UNDECLARED_SELECTOR = YES;
				GCC_WARN_UNINITIALIZED_AUTOS = YES_AGGRESSIVE;
				GCC_WARN_UNUSED_FUNCTION = YES;
				GCC_WARN_UNUSED_VARIABLE = YES;
				IPHONEOS_DEPLOYMENT_TARGET = 18.1;
				LOCALIZATION_PREFERS_STRING_CATALOGS = YES;
				MTL_ENABLE_DEBUG_INFO = NO;
				MTL_FAST_MATH = YES;
				SDKROOT = iphoneos;
				SWIFT_COMPILATION_MODE = wholemodule;
				VALIDATE_PRODUCT = YES;
			};
			name = Release;
		};
/* End XCBuildConfiguration section */

/* Begin XCConfigurationList section */
		71256CCD2DA229F200D4D5EF /* Build configuration list for PBXProject "MoviesApp-UIKit" */ = {
			isa = XCConfigurationList;
			buildConfigurations = (
				71256CE82DA229F300D4D5EF /* Debug */,
				71256CE92DA229F300D4D5EF /* Release */,
			);
			defaultConfigurationIsVisible = 0;
			defaultConfigurationName = Release;
		};
		71256CE52DA229F300D4D5EF /* Build configuration list for PBXNativeTarget "MoviesApp-UIKit" */ = {
			isa = XCConfigurationList;
			buildConfigurations = (
				71256CE62DA229F300D4D5EF /* Debug */,
				71256CE72DA229F300D4D5EF /* Release */,
			);
			defaultConfigurationIsVisible = 0;
			defaultConfigurationName = Release;
		};
/* End XCConfigurationList section */
	};
	rootObject = 71256CCA2DA229F200D4D5EF /* Project object */;
}
