// !$*UTF8*$!
{
	archiveVersion = 1;
	classes = {
	};
	objectVersion = 77;
	objects = {

/* Begin PBXBuildFile section */
		719F9D5F2DAAEEEA006623DA /* Preview Assets.xcassets in Resources */ = {isa = PBXBuildFile; fileRef = 719F9D582DAAEEEA006623DA /* Preview Assets.xcassets */; };
		719F9D602DAAEEEA006623DA /* Assets.xcassets in Resources */ = {isa = PBXBuildFile; fileRef = 719F9D5A2DAAEEEA006623DA /* Assets.xcassets */; };
		719F9D612DAAEEEA006623DA /* ContentView.swift in Sources */ = {isa = PBXBuildFile; fileRef = 719F9D5B2DAAEEEA006623DA /* ContentView.swift */; };
		719F9D622DAAEEEA006623DA /* MoviesApp_SwiftUIApp.swift in Sources */ = {isa = PBXBuildFile; fileRef = 719F9D5D2DAAEEEA006623DA /* MoviesApp_SwiftUIApp.swift */; };
		719F9D692DAAEFCF006623DA /* MoviesModels.swift in Sources */ = {isa = PBXBuildFile; fileRef = 719F9D682DAAEFCF006623DA /* MoviesModels.swift */; };
		719F9D6B2DAAF0C4006623DA /* HTTPClient.swift in Sources */ = {isa = PBXBuildFile; fileRef = 719F9D6A2DAAF0C4006623DA /* HTTPClient.swift */; };
		719F9D6D2DAAF163006623DA /* Ext+String.swift in Sources */ = {isa = PBXBuildFile; fileRef = 719F9D6C2DAAF163006623DA /* Ext+String.swift */; };
		719F9D6F2DAAF893006623DA /* MoviesViewModels.swift in Sources */ = {isa = PBXBuildFile; fileRef = 719F9D6E2DAAF893006623DA /* MoviesViewModels.swift */; };
/* End PBXBuildFile section */

/* Begin PBXFileReference section */
		719F9D462DAAEED6006623DA /* MoviesApp-SwiftUI.app */ = {isa = PBXFileReference; explicitFileType = wrapper.application; includeInIndex = 0; path = "MoviesApp-SwiftUI.app"; sourceTree = BUILT_PRODUCTS_DIR; };
		719F9D582DAAEEEA006623DA /* Preview Assets.xcassets */ = {isa = PBXFileReference; lastKnownFileType = folder.assetcatalog; path = "Preview Assets.xcassets"; sourceTree = "<group>"; };
		719F9D5A2DAAEEEA006623DA /* Assets.xcassets */ = {isa = PBXFileReference; lastKnownFileType = folder.assetcatalog; path = Assets.xcassets; sourceTree = "<group>"; };
		719F9D5B2DAAEEEA006623DA /* ContentView.swift */ = {isa = PBXFileReference; lastKnownFileType = sourcecode.swift; path = ContentView.swift; sourceTree = "<group>"; };
		719F9D5C2DAAEEEA006623DA /* MoviesApp_SwiftUI.entitlements */ = {isa = PBXFileReference; lastKnownFileType = text.plist.entitlements; path = MoviesApp_SwiftUI.entitlements; sourceTree = "<group>"; };
		719F9D5D2DAAEEEA006623DA /* MoviesApp_SwiftUIApp.swift */ = {isa = PBXFileReference; lastKnownFileType = sourcecode.swift; path = MoviesApp_SwiftUIApp.swift; sourceTree = "<group>"; };
		719F9D682DAAEFCF006623DA /* MoviesModels.swift */ = {isa = PBXFileReference; lastKnownFileType = sourcecode.swift; path = MoviesModels.swift; sourceTree = "<group>"; };
		719F9D6A2DAAF0C4006623DA /* HTTPClient.swift */ = {isa = PBXFileReference; lastKnownFileType = sourcecode.swift; path = HTTPClient.swift; sourceTree = "<group>"; };
		719F9D6C2DAAF163006623DA /* Ext+String.swift */ = {isa = PBXFileReference; lastKnownFileType = sourcecode.swift; path = "Ext+String.swift"; sourceTree = "<group>"; };
		719F9D6E2DAAF893006623DA /* MoviesViewModels.swift */ = {isa = PBXFileReference; lastKnownFileType = sourcecode.swift; path = MoviesViewModels.swift; sourceTree = "<group>"; };
/* End PBXFileReference section */

/* Begin PBXFrameworksBuildPhase section */
		719F9D432DAAEED6006623DA /* Frameworks */ = {
			isa = PBXFrameworksBuildPhase;
			buildActionMask = 2147483647;
			files = (
			);
			runOnlyForDeploymentPostprocessing = 0;
		};
/* End PBXFrameworksBuildPhase section */

/* Begin PBXGroup section */
		719F9D3D2DAAEED6006623DA = {
			isa = PBXGroup;
			children = (
				719F9D5E2DAAEEEA006623DA /* MoviesApp-SwiftUI */,
				719F9D472DAAEED6006623DA /* Products */,
			);
			sourceTree = "<group>";
		};
		719F9D472DAAEED6006623DA /* Products */ = {
			isa = PBXGroup;
			children = (
				719F9D462DAAEED6006623DA /* MoviesApp-SwiftUI.app */,
			);
			name = Products;
			sourceTree = "<group>";
		};
		719F9D592DAAEEEA006623DA /* Preview Content */ = {
			isa = PBXGroup;
			children = (
				719F9D582DAAEEEA006623DA /* Preview Assets.xcassets */,
			);
			path = "Preview Content";
			sourceTree = "<group>";
		};
		719F9D5E2DAAEEEA006623DA /* MoviesApp-SwiftUI */ = {
			isa = PBXGroup;
			children = (
				719F9D672DAAEF41006623DA /* Extensions */,
				719F9D662DAAEF38006623DA /* Clients */,
				719F9D652DAAEF32006623DA /* Models */,
				719F9D642DAAEF29006623DA /* ViewModels */,
				719F9D632DAAEF1C006623DA /* Views */,
				719F9D592DAAEEEA006623DA /* Preview Content */,
				719F9D5A2DAAEEEA006623DA /* Assets.xcassets */,
				719F9D5C2DAAEEEA006623DA /* MoviesApp_SwiftUI.entitlements */,
				719F9D5D2DAAEEEA006623DA /* MoviesApp_SwiftUIApp.swift */,
			);
			path = "MoviesApp-SwiftUI";
			sourceTree = "<group>";
		};
		719F9D632DAAEF1C006623DA /* Views */ = {
			isa = PBXGroup;
			children = (
				719F9D5B2DAAEEEA006623DA /* ContentView.swift */,
			);
			path = Views;
			sourceTree = "<group>";
		};
		719F9D642DAAEF29006623DA /* ViewModels */ = {
			isa = PBXGroup;
			children = (
				719F9D6E2DAAF893006623DA /* MoviesViewModels.swift */,
			);
			path = ViewModels;
			sourceTree = "<group>";
		};
		719F9D652DAAEF32006623DA /* Models */ = {
			isa = PBXGroup;
			children = (
				719F9D682DAAEFCF006623DA /* MoviesModels.swift */,
			);
			path = Models;
			sourceTree = "<group>";
		};
		719F9D662DAAEF38006623DA /* Clients */ = {
			isa = PBXGroup;
			children = (
				719F9D6A2DAAF0C4006623DA /* HTTPClient.swift */,
			);
			path = Clients;
			sourceTree = "<group>";
		};
		719F9D672DAAEF41006623DA /* Extensions */ = {
			isa = PBXGroup;
			children = (
				719F9D6C2DAAF163006623DA /* Ext+String.swift */,
			);
			path = Extensions;
			sourceTree = "<group>";
		};
/* End PBXGroup section */

/* Begin PBXNativeTarget section */
		719F9D452DAAEED6006623DA /* MoviesApp-SwiftUI */ = {
			isa = PBXNativeTarget;
			buildConfigurationList = 719F9D552DAAEED8006623DA /* Build configuration list for PBXNativeTarget "MoviesApp-SwiftUI" */;
			buildPhases = (
				719F9D422DAAEED6006623DA /* Sources */,
				719F9D432DAAEED6006623DA /* Frameworks */,
				719F9D442DAAEED6006623DA /* Resources */,
			);
			buildRules = (
			);
			dependencies = (
			);
			name = "MoviesApp-SwiftUI";
			packageProductDependencies = (
			);
			productName = "MoviesApp-SwiftUI";
			productReference = 719F9D462DAAEED6006623DA /* MoviesApp-SwiftUI.app */;
			productType = "com.apple.product-type.application";
		};
/* End PBXNativeTarget section */

/* Begin PBXProject section */
		719F9D3E2DAAEED6006623DA /* Project object */ = {
			isa = PBXProject;
			attributes = {
				BuildIndependentTargetsInParallel = 1;
				LastSwiftUpdateCheck = 1610;
				LastUpgradeCheck = 1610;
				TargetAttributes = {
					719F9D452DAAEED6006623DA = {
						CreatedOnToolsVersion = 16.1;
					};
				};
			};
			buildConfigurationList = 719F9D412DAAEED6006623DA /* Build configuration list for PBXProject "MoviesApp-SwiftUI" */;
			developmentRegion = en;
			hasScannedForEncodings = 0;
			knownRegions = (
				en,
				Base,
			);
			mainGroup = 719F9D3D2DAAEED6006623DA;
			minimizedProjectReferenceProxies = 1;
			preferredProjectObjectVersion = 77;
			productRefGroup = 719F9D472DAAEED6006623DA /* Products */;
			projectDirPath = "";
			projectRoot = "";
			targets = (
				719F9D452DAAEED6006623DA /* MoviesApp-SwiftUI */,
			);
		};
/* End PBXProject section */

/* Begin PBXResourcesBuildPhase section */
		719F9D442DAAEED6006623DA /* Resources */ = {
			isa = PBXResourcesBuildPhase;
			buildActionMask = 2147483647;
			files = (
				719F9D5F2DAAEEEA006623DA /* Preview Assets.xcassets in Resources */,
				719F9D602DAAEEEA006623DA /* Assets.xcassets in Resources */,
			);
			runOnlyForDeploymentPostprocessing = 0;
		};
/* End PBXResourcesBuildPhase section */

/* Begin PBXSourcesBuildPhase section */
		719F9D422DAAEED6006623DA /* Sources */ = {
			isa = PBXSourcesBuildPhase;
			buildActionMask = 2147483647;
			files = (
				719F9D612DAAEEEA006623DA /* ContentView.swift in Sources */,
				719F9D692DAAEFCF006623DA /* MoviesModels.swift in Sources */,
				719F9D6B2DAAF0C4006623DA /* HTTPClient.swift in Sources */,
				719F9D6F2DAAF893006623DA /* MoviesViewModels.swift in Sources */,
				719F9D6D2DAAF163006623DA /* Ext+String.swift in Sources */,
				719F9D622DAAEEEA006623DA /* MoviesApp_SwiftUIApp.swift in Sources */,
			);
			runOnlyForDeploymentPostprocessing = 0;
		};
/* End PBXSourcesBuildPhase section */

/* Begin XCBuildConfiguration section */
		719F9D532DAAEED8006623DA /* Debug */ = {
			isa = XCBuildConfiguration;
			buildSettings = {
				ALWAYS_SEARCH_USER_PATHS = NO;
				ASSETCATALOG_COMPILER_GENERATE_SWIFT_ASSET_SYMBOL_EXTENSIONS = YES;
				CLANG_ANALYZER_NONNULL = YES;
				CLANG_ANALYZER_NUMBER_OBJECT_CONVERSION = YES_AGGRESSIVE;
				CLANG_CXX_LANGUAGE_STANDARD = "gnu++20";
				CLANG_ENABLE_MODULES = YES;
				CLANG_ENABLE_OBJC_ARC = YES;
				CLANG_ENABLE_OBJC_WEAK = YES;
				CLANG_WARN_BLOCK_CAPTURE_AUTORELEASING = YES;
				CLANG_WARN_BOOL_CONVERSION = YES;
				CLANG_WARN_COMMA = YES;
				CLANG_WARN_CONSTANT_CONVERSION = YES;
				CLANG_WARN_DEPRECATED_OBJC_IMPLEMENTATIONS = YES;
				CLANG_WARN_DIRECT_OBJC_ISA_USAGE = YES_ERROR;
				CLANG_WARN_DOCUMENTATION_COMMENTS = YES;
				CLANG_WARN_EMPTY_BODY = YES;
				CLANG_WARN_ENUM_CONVERSION = YES;
				CLANG_WARN_INFINITE_RECURSION = YES;
				CLANG_WARN_INT_CONVERSION = YES;
				CLANG_WARN_NON_LITERAL_NULL_CONVERSION = YES;
				CLANG_WARN_OBJC_IMPLICIT_RETAIN_SELF = YES;
				CLANG_WARN_OBJC_LITERAL_CONVERSION = YES;
				CLANG_WARN_OBJC_ROOT_CLASS = YES_ERROR;
				CLANG_WARN_QUOTED_INCLUDE_IN_FRAMEWORK_HEADER = YES;
				CLANG_WARN_RANGE_LOOP_ANALYSIS = YES;
				CLANG_WARN_STRICT_PROTOTYPES = YES;
				CLANG_WARN_SUSPICIOUS_MOVE = YES;
				CLANG_WARN_UNGUARDED_AVAILABILITY = YES_AGGRESSIVE;
				CLANG_WARN_UNREACHABLE_CODE = YES;
				CLANG_WARN__DUPLICATE_METHOD_MATCH = YES;
				COPY_PHASE_STRIP = NO;
				DEBUG_INFORMATION_FORMAT = dwarf;
				ENABLE_STRICT_OBJC_MSGSEND = YES;
				ENABLE_TESTABILITY = YES;
				ENABLE_USER_SCRIPT_SANDBOXING = YES;
				GCC_C_LANGUAGE_STANDARD = gnu17;
				GCC_DYNAMIC_NO_PIC = NO;
				GCC_NO_COMMON_BLOCKS = YES;
				GCC_OPTIMIZATION_LEVEL = 0;
				GCC_PREPROCESSOR_DEFINITIONS = (
					"DEBUG=1",
					"$(inherited)",
				);
				GCC_WARN_64_TO_32_BIT_CONVERSION = YES;
				GCC_WARN_ABOUT_RETURN_TYPE = YES_ERROR;
				GCC_WARN_UNDECLARED_SELECTOR = YES;
				GCC_WARN_UNINITIALIZED_AUTOS = YES_AGGRESSIVE;
				GCC_WARN_UNUSED_FUNCTION = YES;
				GCC_WARN_UNUSED_VARIABLE = YES;
				LOCALIZATION_PREFERS_STRING_CATALOGS = YES;
				MTL_ENABLE_DEBUG_INFO = INCLUDE_SOURCE;
				MTL_FAST_MATH = YES;
				ONLY_ACTIVE_ARCH = YES;
				SWIFT_ACTIVE_COMPILATION_CONDITIONS = "DEBUG $(inherited)";
				SWIFT_OPTIMIZATION_LEVEL = "-Onone";
			};
			name = Debug;
		};
		719F9D542DAAEED8006623DA /* Release */ = {
			isa = XCBuildConfiguration;
			buildSettings = {
				ALWAYS_SEARCH_USER_PATHS = NO;
				ASSETCATALOG_COMPILER_GENERATE_SWIFT_ASSET_SYMBOL_EXTENSIONS = YES;
				CLANG_ANALYZER_NONNULL = YES;
				CLANG_ANALYZER_NUMBER_OBJECT_CONVERSION = YES_AGGRESSIVE;
				CLANG_CXX_LANGUAGE_STANDARD = "gnu++20";
				CLANG_ENABLE_MODULES = YES;
				CLANG_ENABLE_OBJC_ARC = YES;
				CLANG_ENABLE_OBJC_WEAK = YES;
				CLANG_WARN_BLOCK_CAPTURE_AUTORELEASING = YES;
				CLANG_WARN_BOOL_CONVERSION = YES;
				CLANG_WARN_COMMA = YES;
				CLANG_WARN_CONSTANT_CONVERSION = YES;
				CLANG_WARN_DEPRECATED_OBJC_IMPLEMENTATIONS = YES;
				CLANG_WARN_DIRECT_OBJC_ISA_USAGE = YES_ERROR;
				CLANG_WARN_DOCUMENTATION_COMMENTS = YES;
				CLANG_WARN_EMPTY_BODY = YES;
				CLANG_WARN_ENUM_CONVERSION = YES;
				CLANG_WARN_INFINITE_RECURSION = YES;
				CLANG_WARN_INT_CONVERSION = YES;
				CLANG_WARN_NON_LITERAL_NULL_CONVERSION = YES;
				CLANG_WARN_OBJC_IMPLICIT_RETAIN_SELF = YES;
				CLANG_WARN_OBJC_LITERAL_CONVERSION = YES;
				CLANG_WARN_OBJC_ROOT_CLASS = YES_ERROR;
				CLANG_WARN_QUOTED_INCLUDE_IN_FRAMEWORK_HEADER = YES;
				CLANG_WARN_RANGE_LOOP_ANALYSIS = YES;
				CLANG_WARN_STRICT_PROTOTYPES = YES;
				CLANG_WARN_SUSPICIOUS_MOVE = YES;
				CLANG_WARN_UNGUARDED_AVAILABILITY = YES_AGGRESSIVE;
				CLANG_WARN_UNREACHABLE_CODE = YES;
				CLANG_WARN__DUPLICATE_METHOD_MATCH = YES;
				COPY_PHASE_STRIP = NO;
				DEBUG_INFORMATION_FORMAT = "dwarf-with-dsym";
				ENABLE_NS_ASSERTIONS = NO;
				ENABLE_STRICT_OBJC_MSGSEND = YES;
				ENABLE_USER_SCRIPT_SANDBOXING = YES;
				GCC_C_LANGUAGE_STANDARD = gnu17;
				GCC_NO_COMMON_BLOCKS = YES;
				GCC_WARN_64_TO_32_BIT_CONVERSION = YES;
				GCC_WARN_ABOUT_RETURN_TYPE = YES_ERROR;
				GCC_WARN_UNDECLARED_SELECTOR = YES;
				GCC_WARN_UNINITIALIZED_AUTOS = YES_AGGRESSIVE;
				GCC_WARN_UNUSED_FUNCTION = YES;
				GCC_WARN_UNUSED_VARIABLE = YES;
				LOCALIZATION_PREFERS_STRING_CATALOGS = YES;
				MTL_ENABLE_DEBUG_INFO = NO;
				MTL_FAST_MATH = YES;
				SWIFT_COMPILATION_MODE = wholemodule;
			};
			name = Release;
		};
		719F9D562DAAEED8006623DA /* Debug */ = {
			isa = XCBuildConfiguration;
			buildSettings = {
				ASSETCATALOG_COMPILER_APPICON_NAME = AppIcon;
				ASSETCATALOG_COMPILER_GLOBAL_ACCENT_COLOR_NAME = AccentColor;
				CODE_SIGN_ENTITLEMENTS = "MoviesApp-SwiftUI/MoviesApp_SwiftUI.entitlements";
				CODE_SIGN_STYLE = Automatic;
				CURRENT_PROJECT_VERSION = 1;
				DEVELOPMENT_ASSET_PATHS = "\"MoviesApp-SwiftUI/Preview Content\"";
				DEVELOPMENT_TEAM = WXHAH5T735;
				ENABLE_HARDENED_RUNTIME = YES;
				ENABLE_PREVIEWS = YES;
				GENERATE_INFOPLIST_FILE = YES;
				"INFOPLIST_KEY_UIApplicationSceneManifest_Generation[sdk=iphoneos*]" = YES;
				"INFOPLIST_KEY_UIApplicationSceneManifest_Generation[sdk=iphonesimulator*]" = YES;
				"INFOPLIST_KEY_UIApplicationSupportsIndirectInputEvents[sdk=iphoneos*]" = YES;
				"INFOPLIST_KEY_UIApplicationSupportsIndirectInputEvents[sdk=iphonesimulator*]" = YES;
				"INFOPLIST_KEY_UILaunchScreen_Generation[sdk=iphoneos*]" = YES;
				"INFOPLIST_KEY_UILaunchScreen_Generation[sdk=iphonesimulator*]" = YES;
				"INFOPLIST_KEY_UIStatusBarStyle[sdk=iphoneos*]" = UIStatusBarStyleDefault;
				"INFOPLIST_KEY_UIStatusBarStyle[sdk=iphonesimulator*]" = UIStatusBarStyleDefault;
				INFOPLIST_KEY_UISupportedInterfaceOrientations_iPad = "UIInterfaceOrientationPortrait UIInterfaceOrientationPortraitUpsideDown UIInterfaceOrientationLandscapeLeft UIInterfaceOrientationLandscapeRight";
				INFOPLIST_KEY_UISupportedInterfaceOrientations_iPhone = "UIInterfaceOrientationPortrait UIInterfaceOrientationLandscapeLeft UIInterfaceOrientationLandscapeRight";
				IPHONEOS_DEPLOYMENT_TARGET = 18.1;
				LD_RUNPATH_SEARCH_PATHS = "@executable_path/Frameworks";
				"LD_RUNPATH_SEARCH_PATHS[sdk=macosx*]" = "@executable_path/../Frameworks";
				MACOSX_DEPLOYMENT_TARGET = 15.1;
				MARKETING_VERSION = 1.0;
				PRODUCT_BUNDLE_IDENTIFIER = "com.faysal.MoviesApp-SwiftUI";
				PRODUCT_NAME = "$(TARGET_NAME)";
				SDKROOT = auto;
				SUPPORTED_PLATFORMS = "iphoneos iphonesimulator macosx xros xrsimulator";
				SWIFT_EMIT_LOC_STRINGS = YES;
				SWIFT_VERSION = 5.0;
				TARGETED_DEVICE_FAMILY = "1,2,7";
				XROS_DEPLOYMENT_TARGET = 2.1;
			};
			name = Debug;
		};
		719F9D572DAAEED8006623DA /* Release */ = {
			isa = XCBuildConfiguration;
			buildSettings = {
				ASSETCATALOG_COMPILER_APPICON_NAME = AppIcon;
				ASSETCATALOG_COMPILER_GLOBAL_ACCENT_COLOR_NAME = AccentColor;
				CODE_SIGN_ENTITLEMENTS = "MoviesApp-SwiftUI/MoviesApp_SwiftUI.entitlements";
				CODE_SIGN_STYLE = Automatic;
				CURRENT_PROJECT_VERSION = 1;
				DEVELOPMENT_ASSET_PATHS = "\"MoviesApp-SwiftUI/Preview Content\"";
				DEVELOPMENT_TEAM = WXHAH5T735;
				ENABLE_HARDENED_RUNTIME = YES;
				ENABLE_PREVIEWS = YES;
				GENERATE_INFOPLIST_FILE = YES;
				"INFOPLIST_KEY_UIApplicationSceneManifest_Generation[sdk=iphoneos*]" = YES;
				"INFOPLIST_KEY_UIApplicationSceneManifest_Generation[sdk=iphonesimulator*]" = YES;
				"INFOPLIST_KEY_UIApplicationSupportsIndirectInputEvents[sdk=iphoneos*]" = YES;
				"INFOPLIST_KEY_UIApplicationSupportsIndirectInputEvents[sdk=iphonesimulator*]" = YES;
				"INFOPLIST_KEY_UILaunchScreen_Generation[sdk=iphoneos*]" = YES;
				"INFOPLIST_KEY_UILaunchScreen_Generation[sdk=iphonesimulator*]" = YES;
				"INFOPLIST_KEY_UIStatusBarStyle[sdk=iphoneos*]" = UIStatusBarStyleDefault;
				"INFOPLIST_KEY_UIStatusBarStyle[sdk=iphonesimulator*]" = UIStatusBarStyleDefault;
				INFOPLIST_KEY_UISupportedInterfaceOrientations_iPad = "UIInterfaceOrientationPortrait UIInterfaceOrientationPortraitUpsideDown UIInterfaceOrientationLandscapeLeft UIInterfaceOrientationLandscapeRight";
				INFOPLIST_KEY_UISupportedInterfaceOrientations_iPhone = "UIInterfaceOrientationPortrait UIInterfaceOrientationLandscapeLeft UIInterfaceOrientationLandscapeRight";
				IPHONEOS_DEPLOYMENT_TARGET = 18.1;
				LD_RUNPATH_SEARCH_PATHS = "@executable_path/Frameworks";
				"LD_RUNPATH_SEARCH_PATHS[sdk=macosx*]" = "@executable_path/../Frameworks";
				MACOSX_DEPLOYMENT_TARGET = 15.1;
				MARKETING_VERSION = 1.0;
				PRODUCT_BUNDLE_IDENTIFIER = "com.faysal.MoviesApp-SwiftUI";
				PRODUCT_NAME = "$(TARGET_NAME)";
				SDKROOT = auto;
				SUPPORTED_PLATFORMS = "iphoneos iphonesimulator macosx xros xrsimulator";
				SWIFT_EMIT_LOC_STRINGS = YES;
				SWIFT_VERSION = 5.0;
				TARGETED_DEVICE_FAMILY = "1,2,7";
				XROS_DEPLOYMENT_TARGET = 2.1;
			};
			name = Release;
		};
/* End XCBuildConfiguration section */

/* Begin XCConfigurationList section */
		719F9D412DAAEED6006623DA /* Build configuration list for PBXProject "MoviesApp-SwiftUI" */ = {
			isa = XCConfigurationList;
			buildConfigurations = (
				719F9D532DAAEED8006623DA /* Debug */,
				719F9D542DAAEED8006623DA /* Release */,
			);
			defaultConfigurationIsVisible = 0;
			defaultConfigurationName = Release;
		};
		719F9D552DAAEED8006623DA /* Build configuration list for PBXNativeTarget "MoviesApp-SwiftUI" */ = {
			isa = XCConfigurationList;
			buildConfigurations = (
				719F9D562DAAEED8006623DA /* Debug */,
				719F9D572DAAEED8006623DA /* Release */,
			);
			defaultConfigurationIsVisible = 0;
			defaultConfigurationName = Release;
		};
/* End XCConfigurationList section */
	};
	rootObject = 719F9D3E2DAAEED6006623DA /* Project object */;
}
